
Microsoft Visual Studio Solution File, Format Version 12.00
# Visual Studio Version 17
VisualStudioVersion = 17.5.002.0
MinimumVisualStudioVersion = 10.0.40219.1
Project("{2150E333-8FDC-42A3-9474-1A3956D46DE8}") = "project_dotnet", "project_dotnet", "{E31B2060-92CC-46D2-95EF-FB3F90001474}"
EndProject
Project("{9A19103F-16F7-4668-BE54-9A1E7A4F7556}") = "MyAspNetApp", "project_dotnet\MyAspNetApp\MyAspNetApp.csproj", "{1386919F-7A9D-49A4-A16E-2CCDA3CC29EE}"
EndProject
Global
	GlobalSection(SolutionConfigurationPlatforms) = preSolution
		Debug|Any CPU = Debug|Any CPU
		Release|Any CPU = Release|Any CPU
	EndGlobalSection
	GlobalSection(ProjectConfigurationPlatforms) = postSolution
		{1386919F-7A9D-49A4-A16E-2CCDA3CC29EE}.Debug|Any CPU.ActiveCfg = Debug|Any CPU
		{1386919F-7A9D-49A4-A16E-2CCDA3CC29EE}.Debug|Any CPU.Build.0 = Debug|Any CPU
		{1386919F-7A9D-49A4-A16E-2CCDA3CC29EE}.Release|Any CPU.ActiveCfg = Release|Any CPU
		{1386919F-7A9D-49A4-A16E-2CCDA3CC29EE}.Release|Any CPU.Build.0 = Release|Any CPU
	EndGlobalSection
	GlobalSection(SolutionProperties) = preSolution
		HideSolutionNode = FALSE
	EndGlobalSection
	GlobalSection(NestedProjects) = preSolution
		{1386919F-7A9D-49A4-A16E-2CCDA3CC29EE} = {E31B2060-92CC-46D2-95EF-FB3F90001474}
	EndGlobalSection
	GlobalSection(ExtensibilityGlobals) = postSolution
		SolutionGuid = {FD105DEA-2979-4E4A-ABD2-338BBA83956A}
	EndGlobalSection
EndGlobal
